
Microsoft Visual Studio Solution File, Format Version 12.00
# Visual Studio Version 17
VisualStudioVersion = 17.6.33815.320
MinimumVisualStudioVersion = 10.0.40219.1
Project("{FAE04EC0-301F-11D3-BF4B-00C04F79EFBC}") = "FizzBuzz", "FizzBuzz\FizzBuzz.csproj", "{5F51DBE0-0542-4D40-813C-B137BF5FEE6F}"
EndProject
Project("{FAE04EC0-301F-11D3-BF4B-00C04F79EFBC}") = "FizzBuzz.UnitTests", "FizzBuzz.UnitTests\FizzBuzz.UnitTests.csproj", "{91A57582-879D-4A8B-BED0-EDF15999D755}"
EndProject
Global
	GlobalSection(SolutionConfigurationPlatforms) = preSolution
		Debug|Any CPU = Debug|Any CPU
		Release|Any CPU = Release|Any CPU
	EndGlobalSection
	GlobalSection(ProjectConfigurationPlatforms) = postSolution
		{5F51DBE0-0542-4D40-813C-B137BF5FEE6F}.Debug|Any CPU.ActiveCfg = Debug|Any CPU
		{5F51DBE0-0542-4D40-813C-B137BF5FEE6F}.Debug|Any CPU.Build.0 = Debug|Any CPU
		{5F51DBE0-0542-4D40-813C-B137BF5FEE6F}.Release|Any CPU.ActiveCfg = Release|Any CPU
		{5F51DBE0-0542-4D40-813C-B137BF5FEE6F}.Release|Any CPU.Build.0 = Release|Any CPU
		{91A57582-879D-4A8B-BED0-EDF15999D755}.Debug|Any CPU.ActiveCfg = Debug|Any CPU
		{91A57582-879D-4A8B-BED0-EDF15999D755}.Debug|Any CPU.Build.0 = Debug|Any CPU
		{91A57582-879D-4A8B-BED0-EDF15999D755}.Release|Any CPU.ActiveCfg = Release|Any CPU
		{91A57582-879D-4A8B-BED0-EDF15999D755}.Release|Any CPU.Build.0 = Release|Any CPU
	EndGlobalSection
	GlobalSection(SolutionProperties) = preSolution
		HideSolutionNode = FALSE
	EndGlobalSection
	GlobalSection(ExtensibilityGlobals) = postSolution
		SolutionGuid = {960E5F53-08CE-445D-9978-C5ADCBCAA84B}
	EndGlobalSection
EndGlobal
